
Microsoft Visual Studio Solution File, Format Version 12.00
# Visual Studio Version 16
VisualStudioVersion = 16.0.29911.84
MinimumVisualStudioVersion = 10.0.40219.1
Project("{9A19103F-16F7-4668-BE54-9A1E7A4F7556}") = "Cinemaat_TEST", "Cinemaat_TEST\Cinemaat_TEST.csproj", "{C9141BFF-8740-4122-B14E-0429E2B31AA7}"
EndProject
Project("{FAE04EC0-301F-11D3-BF4B-00C04F79EFBC}") = "Cinemaat.Data", "Cinemaat.Data\Cinemaat.Data.csproj", "{87FC6E40-C1A5-43F7-B9A8-547A23A89D49}"
EndProject
Global
	GlobalSection(SolutionConfigurationPlatforms) = preSolution
		Debug|Any CPU = Debug|Any CPU
		Release|Any CPU = Release|Any CPU
	EndGlobalSection
	GlobalSection(ProjectConfigurationPlatforms) = postSolution
		{C9141BFF-8740-4122-B14E-0429E2B31AA7}.Debug|Any CPU.ActiveCfg = Debug|Any CPU
		{C9141BFF-8740-4122-B14E-0429E2B31AA7}.Debug|Any CPU.Build.0 = Debug|Any CPU
		{C9141BFF-8740-4122-B14E-0429E2B31AA7}.Release|Any CPU.ActiveCfg = Release|Any CPU
		{C9141BFF-8740-4122-B14E-0429E2B31AA7}.Release|Any CPU.Build.0 = Release|Any CPU
		{87FC6E40-C1A5-43F7-B9A8-547A23A89D49}.Debug|Any CPU.ActiveCfg = Debug|Any CPU
		{87FC6E40-C1A5-43F7-B9A8-547A23A89D49}.Debug|Any CPU.Build.0 = Debug|Any CPU
		{87FC6E40-C1A5-43F7-B9A8-547A23A89D49}.Release|Any CPU.ActiveCfg = Release|Any CPU
		{87FC6E40-C1A5-43F7-B9A8-547A23A89D49}.Release|Any CPU.Build.0 = Release|Any CPU
	EndGlobalSection
	GlobalSection(SolutionProperties) = preSolution
		HideSolutionNode = FALSE
	EndGlobalSection
	GlobalSection(ExtensibilityGlobals) = postSolution
		SolutionGuid = {ED5A72B0-B009-4AD1-8A3E-608EDCCC94BF}
	EndGlobalSection
EndGlobal
